
Microsoft Visual Studio Solution File, Format Version 12.00
# Visual Studio Version 17
VisualStudioVersion = 17.11.35312.102
MinimumVisualStudioVersion = 10.0.40219.1
Project("{2150E333-8FDC-42A3-9474-1A3956D46DE8}") = "src", "src", "{2877817B-DB2E-415D-AF9B-8629ADE5933F}"
EndProject
Project("{2150E333-8FDC-42A3-9474-1A3956D46DE8}") = "Presentation", "Presentation", "{8B81CF5A-5D83-4DCC-9AB6-B63E5707C562}"
EndProject
Project("{2150E333-8FDC-42A3-9474-1A3956D46DE8}") = "Infrastructure", "Infrastructure", "{E84D78A4-8CF5-4907-B1CC-F41C0C5B350A}"
EndProject
Project("{2150E333-8FDC-42A3-9474-1A3956D46DE8}") = "Core", "Core", "{4D489E93-85CE-460E-8D09-F983992619D3}"
EndProject
Project("{9A19103F-16F7-4668-BE54-9A1E7A4F7556}") = "WebAPI", "WebAPI\WebAPI.csproj", "{C6C37BF6-BBB2-4023-9C45-7D801069BAAE}"
EndProject
Project("{9A19103F-16F7-4668-BE54-9A1E7A4F7556}") = "MVC", "MVC\MVC.csproj", "{0B1D0A55-3C14-4C19-9134-0E45AC6FEE87}"
EndProject
Project("{9A19103F-16F7-4668-BE54-9A1E7A4F7556}") = "Persistence", "Persistence\Persistence.csproj", "{9A20EF26-AFFE-45EB-8BD7-9A57D2F96FF9}"
EndProject
Project("{2150E333-8FDC-42A3-9474-1A3956D46DE8}") = "Application", "Application", "{1B035C55-2C15-48A5-8603-1C682139739C}"
EndProject
Project("{9A19103F-16F7-4668-BE54-9A1E7A4F7556}") = "Application", "Application\Application.csproj", "{811F77FE-7E8B-426B-9B97-33D8E190B82A}"
EndProject
Project("{9A19103F-16F7-4668-BE54-9A1E7A4F7556}") = "Domain", "Core\Domain.csproj", "{8D59CF4B-39CC-4CD5-8F80-45FBF66321A2}"
EndProject
Global
	GlobalSection(SolutionConfigurationPlatforms) = preSolution
		Debug|Any CPU = Debug|Any CPU
		Release|Any CPU = Release|Any CPU
	EndGlobalSection
	GlobalSection(ProjectConfigurationPlatforms) = postSolution
		{C6C37BF6-BBB2-4023-9C45-7D801069BAAE}.Debug|Any CPU.ActiveCfg = Debug|Any CPU
		{C6C37BF6-BBB2-4023-9C45-7D801069BAAE}.Debug|Any CPU.Build.0 = Debug|Any CPU
		{C6C37BF6-BBB2-4023-9C45-7D801069BAAE}.Release|Any CPU.ActiveCfg = Release|Any CPU
		{C6C37BF6-BBB2-4023-9C45-7D801069BAAE}.Release|Any CPU.Build.0 = Release|Any CPU
		{0B1D0A55-3C14-4C19-9134-0E45AC6FEE87}.Debug|Any CPU.ActiveCfg = Debug|Any CPU
		{0B1D0A55-3C14-4C19-9134-0E45AC6FEE87}.Debug|Any CPU.Build.0 = Debug|Any CPU
		{0B1D0A55-3C14-4C19-9134-0E45AC6FEE87}.Release|Any CPU.ActiveCfg = Release|Any CPU
		{0B1D0A55-3C14-4C19-9134-0E45AC6FEE87}.Release|Any CPU.Build.0 = Release|Any CPU
		{9A20EF26-AFFE-45EB-8BD7-9A57D2F96FF9}.Debug|Any CPU.ActiveCfg = Debug|Any CPU
		{9A20EF26-AFFE-45EB-8BD7-9A57D2F96FF9}.Debug|Any CPU.Build.0 = Debug|Any CPU
		{9A20EF26-AFFE-45EB-8BD7-9A57D2F96FF9}.Release|Any CPU.ActiveCfg = Release|Any CPU
		{9A20EF26-AFFE-45EB-8BD7-9A57D2F96FF9}.Release|Any CPU.Build.0 = Release|Any CPU
		{811F77FE-7E8B-426B-9B97-33D8E190B82A}.Debug|Any CPU.ActiveCfg = Debug|Any CPU
		{811F77FE-7E8B-426B-9B97-33D8E190B82A}.Debug|Any CPU.Build.0 = Debug|Any CPU
		{811F77FE-7E8B-426B-9B97-33D8E190B82A}.Release|Any CPU.ActiveCfg = Release|Any CPU
		{811F77FE-7E8B-426B-9B97-33D8E190B82A}.Release|Any CPU.Build.0 = Release|Any CPU
		{8D59CF4B-39CC-4CD5-8F80-45FBF66321A2}.Debug|Any CPU.ActiveCfg = Debug|Any CPU
		{8D59CF4B-39CC-4CD5-8F80-45FBF66321A2}.Debug|Any CPU.Build.0 = Debug|Any CPU
		{8D59CF4B-39CC-4CD5-8F80-45FBF66321A2}.Release|Any CPU.ActiveCfg = Release|Any CPU
		{8D59CF4B-39CC-4CD5-8F80-45FBF66321A2}.Release|Any CPU.Build.0 = Release|Any CPU
	EndGlobalSection
	GlobalSection(SolutionProperties) = preSolution
		HideSolutionNode = FALSE
	EndGlobalSection
	GlobalSection(NestedProjects) = preSolution
		{8B81CF5A-5D83-4DCC-9AB6-B63E5707C562} = {2877817B-DB2E-415D-AF9B-8629ADE5933F}
		{E84D78A4-8CF5-4907-B1CC-F41C0C5B350A} = {2877817B-DB2E-415D-AF9B-8629ADE5933F}
		{4D489E93-85CE-460E-8D09-F983992619D3} = {2877817B-DB2E-415D-AF9B-8629ADE5933F}
		{C6C37BF6-BBB2-4023-9C45-7D801069BAAE} = {8B81CF5A-5D83-4DCC-9AB6-B63E5707C562}
		{0B1D0A55-3C14-4C19-9134-0E45AC6FEE87} = {8B81CF5A-5D83-4DCC-9AB6-B63E5707C562}
		{9A20EF26-AFFE-45EB-8BD7-9A57D2F96FF9} = {E84D78A4-8CF5-4907-B1CC-F41C0C5B350A}
		{1B035C55-2C15-48A5-8603-1C682139739C} = {2877817B-DB2E-415D-AF9B-8629ADE5933F}
		{811F77FE-7E8B-426B-9B97-33D8E190B82A} = {1B035C55-2C15-48A5-8603-1C682139739C}
		{8D59CF4B-39CC-4CD5-8F80-45FBF66321A2} = {4D489E93-85CE-460E-8D09-F983992619D3}
	EndGlobalSection
	GlobalSection(ExtensibilityGlobals) = postSolution
		SolutionGuid = {B5050DD6-261C-42C0-AFB8-DBEBC93AB0E8}
	EndGlobalSection
EndGlobal
